
Microsoft Visual Studio Solution File, Format Version 12.00
# Visual Studio Version 17
VisualStudioVersion = 17.12.35506.116 d17.12
MinimumVisualStudioVersion = 10.0.40219.1
Project("{FAE04EC0-301F-11D3-BF4B-00C04F79EFBC}") = "Korn.Modules.WinApi", "Korn.Modules.WinApi\Korn.Modules.WinApi.csproj", "{51CD8F6E-AC42-48CF-AFC3-632806DE5305}"
EndProject
Global
	GlobalSection(SolutionConfigurationPlatforms) = preSolution
		Debug|x64 = Debug|x64
	EndGlobalSection
	GlobalSection(ProjectConfigurationPlatforms) = postSolution
		{51CD8F6E-AC42-48CF-AFC3-632806DE5305}.Debug|x64.ActiveCfg = Debug|x64
		{51CD8F6E-AC42-48CF-AFC3-632806DE5305}.Debug|x64.Build.0 = Debug|x64
	EndGlobalSection
	GlobalSection(SolutionProperties) = preSolution
		HideSolutionNode = FALSE
	EndGlobalSection
EndGlobal
